
Microsoft Visual Studio Solution File, Format Version 12.00
# Visual Studio Version 17
VisualStudioVersion = 17.3.32819.101
MinimumVisualStudioVersion = 10.0.40219.1
Project("{FAE04EC0-301F-11D3-BF4B-00C04F79EFBC}") = "26-3", "26-3\26-3.csproj", "{BA09ED79-871C-4123-BEB7-4E019787480A}"
EndProject
Global
	GlobalSection(SolutionConfigurationPlatforms) = preSolution
		Debug|Any CPU = Debug|Any CPU
		Release|Any CPU = Release|Any CPU
	EndGlobalSection
	GlobalSection(ProjectConfigurationPlatforms) = postSolution
		{BA09ED79-871C-4123-BEB7-4E019787480A}.Debug|Any CPU.ActiveCfg = Debug|Any CPU
		{BA09ED79-871C-4123-BEB7-4E019787480A}.Debug|Any CPU.Build.0 = Debug|Any CPU
		{BA09ED79-871C-4123-BEB7-4E019787480A}.Release|Any CPU.ActiveCfg = Release|Any CPU
		{BA09ED79-871C-4123-BEB7-4E019787480A}.Release|Any CPU.Build.0 = Release|Any CPU
	EndGlobalSection
	GlobalSection(SolutionProperties) = preSolution
		HideSolutionNode = FALSE
	EndGlobalSection
	GlobalSection(ExtensibilityGlobals) = postSolution
		SolutionGuid = {472598D5-650F-491B-A008-1D6A6CBD32D6}
	EndGlobalSection
EndGlobal
